
Microsoft Visual Studio Solution File, Format Version 12.00
# Visual Studio Version 17
VisualStudioVersion = 17.7.34031.279
MinimumVisualStudioVersion = 10.0.40219.1
Project("{FAE04EC0-301F-11D3-BF4B-00C04F79EFBC}") = "ConnectedArchitecture", "ConnectedArchitecture\ConnectedArchitecture.csproj", "{4C164E21-56A6-49CA-B88C-28A866245ECE}"
EndProject
Global
	GlobalSection(SolutionConfigurationPlatforms) = preSolution
		Debug|Any CPU = Debug|Any CPU
		Release|Any CPU = Release|Any CPU
	EndGlobalSection
	GlobalSection(ProjectConfigurationPlatforms) = postSolution
		{4C164E21-56A6-49CA-B88C-28A866245ECE}.Debug|Any CPU.ActiveCfg = Debug|Any CPU
		{4C164E21-56A6-49CA-B88C-28A866245ECE}.Debug|Any CPU.Build.0 = Debug|Any CPU
		{4C164E21-56A6-49CA-B88C-28A866245ECE}.Release|Any CPU.ActiveCfg = Release|Any CPU
		{4C164E21-56A6-49CA-B88C-28A866245ECE}.Release|Any CPU.Build.0 = Release|Any CPU
	EndGlobalSection
	GlobalSection(SolutionProperties) = preSolution
		HideSolutionNode = FALSE
	EndGlobalSection
	GlobalSection(ExtensibilityGlobals) = postSolution
		SolutionGuid = {B3187FA1-19A3-41C7-8C11-A45B9474F99D}
	EndGlobalSection
EndGlobal
